
Microsoft Visual Studio Solution File, Format Version 12.00
# Visual Studio 2017
Project("{FAE04EC0-301F-11D3-BF4B-00C04F79EFBC}") = "UGUItest", "UGUItest.csproj", "{0B99BDE1-A826-ADC7-CE52-5EB539C9280E}"
EndProject
Project("{FAE04EC0-301F-11D3-BF4B-00C04F79EFBC}") = "UGUItest.Editor", "UGUItest.Editor.csproj", "{42D71F7F-54ED-DA2A-A548-9599D6DBAFDD}"
EndProject
Global
	GlobalSection(SolutionConfigurationPlatforms) = preSolution
		Debug|Any CPU = Debug|Any CPU
		Release|Any CPU = Release|Any CPU
	EndGlobalSection
	GlobalSection(ProjectConfigurationPlatforms) = postSolution
		{0B99BDE1-A826-ADC7-CE52-5EB539C9280E}.Debug|Any CPU.ActiveCfg = Debug|Any CPU
		{0B99BDE1-A826-ADC7-CE52-5EB539C9280E}.Debug|Any CPU.Build.0 = Debug|Any CPU
		{0B99BDE1-A826-ADC7-CE52-5EB539C9280E}.Release|Any CPU.ActiveCfg = Release|Any CPU
		{0B99BDE1-A826-ADC7-CE52-5EB539C9280E}.Release|Any CPU.Build.0 = Release|Any CPU
		{42D71F7F-54ED-DA2A-A548-9599D6DBAFDD}.Debug|Any CPU.ActiveCfg = Debug|Any CPU
		{42D71F7F-54ED-DA2A-A548-9599D6DBAFDD}.Debug|Any CPU.Build.0 = Debug|Any CPU
		{42D71F7F-54ED-DA2A-A548-9599D6DBAFDD}.Release|Any CPU.ActiveCfg = Release|Any CPU
		{42D71F7F-54ED-DA2A-A548-9599D6DBAFDD}.Release|Any CPU.Build.0 = Release|Any CPU
	EndGlobalSection
	GlobalSection(SolutionProperties) = preSolution
		HideSolutionNode = FALSE
	EndGlobalSection
EndGlobal
